
Microsoft Visual Studio Solution File, Format Version 12.00
# Visual Studio Version 17
VisualStudioVersion = 17.13.35828.75 d17.13
MinimumVisualStudioVersion = 10.0.40219.1
Project("{FAE04EC0-301F-11D3-BF4B-00C04F79EFBC}") = "InventoryGrocery", "InventoryGrocery\InventoryGrocery.csproj", "{51EA03B1-6851-47B0-A4C5-FEE17E992D92}"
EndProject
Global
	GlobalSection(SolutionConfigurationPlatforms) = preSolution
		Debug|Any CPU = Debug|Any CPU
		Release|Any CPU = Release|Any CPU
	EndGlobalSection
	GlobalSection(ProjectConfigurationPlatforms) = postSolution
		{51EA03B1-6851-47B0-A4C5-FEE17E992D92}.Debug|Any CPU.ActiveCfg = Debug|Any CPU
		{51EA03B1-6851-47B0-A4C5-FEE17E992D92}.Debug|Any CPU.Build.0 = Debug|Any CPU
		{51EA03B1-6851-47B0-A4C5-FEE17E992D92}.Release|Any CPU.ActiveCfg = Release|Any CPU
		{51EA03B1-6851-47B0-A4C5-FEE17E992D92}.Release|Any CPU.Build.0 = Release|Any CPU
	EndGlobalSection
	GlobalSection(SolutionProperties) = preSolution
		HideSolutionNode = FALSE
	EndGlobalSection
	GlobalSection(ExtensibilityGlobals) = postSolution
		SolutionGuid = {4B227923-1E6E-4F5C-B771-1FFDF5DDD611}
	EndGlobalSection
EndGlobal
